
Microsoft Visual Studio Solution File, Format Version 12.00
# Visual Studio Version 16
VisualStudioVersion = 16.0.30523.141
MinimumVisualStudioVersion = 10.0.40219.1
Project("{FAE04EC0-301F-11D3-BF4B-00C04F79EFBC}") = "GitTest.1", "GitTest.1\GitTest.1.csproj", "{93487462-CD61-47CA-8850-94A2A01FFA66}"
EndProject
Global
	GlobalSection(SolutionConfigurationPlatforms) = preSolution
		Debug|Any CPU = Debug|Any CPU
		Release|Any CPU = Release|Any CPU
	EndGlobalSection
	GlobalSection(ProjectConfigurationPlatforms) = postSolution
		{93487462-CD61-47CA-8850-94A2A01FFA66}.Debug|Any CPU.ActiveCfg = Debug|Any CPU
		{93487462-CD61-47CA-8850-94A2A01FFA66}.Debug|Any CPU.Build.0 = Debug|Any CPU
		{93487462-CD61-47CA-8850-94A2A01FFA66}.Release|Any CPU.ActiveCfg = Release|Any CPU
		{93487462-CD61-47CA-8850-94A2A01FFA66}.Release|Any CPU.Build.0 = Release|Any CPU
	EndGlobalSection
	GlobalSection(SolutionProperties) = preSolution
		HideSolutionNode = FALSE
	EndGlobalSection
	GlobalSection(ExtensibilityGlobals) = postSolution
		SolutionGuid = {198A65EB-A1B5-4BB6-B8BF-EACE40310FE2}
	EndGlobalSection
EndGlobal
